
Microsoft Visual Studio Solution File, Format Version 12.00
# Visual Studio Version 17
VisualStudioVersion = 17.2.32519.379
MinimumVisualStudioVersion = 10.0.40219.1
Project("{FAE04EC0-301F-11D3-BF4B-00C04F79EFBC}") = "garaget", "garaget.csproj", "{8EA795D1-B382-46B6-9CDD-B15494770896}"
EndProject
Global
	GlobalSection(SolutionConfigurationPlatforms) = preSolution
		Debug|Any CPU = Debug|Any CPU
		Release|Any CPU = Release|Any CPU
	EndGlobalSection
	GlobalSection(ProjectConfigurationPlatforms) = postSolution
		{8EA795D1-B382-46B6-9CDD-B15494770896}.Debug|Any CPU.ActiveCfg = Debug|Any CPU
		{8EA795D1-B382-46B6-9CDD-B15494770896}.Debug|Any CPU.Build.0 = Debug|Any CPU
		{8EA795D1-B382-46B6-9CDD-B15494770896}.Release|Any CPU.ActiveCfg = Release|Any CPU
		{8EA795D1-B382-46B6-9CDD-B15494770896}.Release|Any CPU.Build.0 = Release|Any CPU
	EndGlobalSection
	GlobalSection(SolutionProperties) = preSolution
		HideSolutionNode = FALSE
	EndGlobalSection
	GlobalSection(ExtensibilityGlobals) = postSolution
		SolutionGuid = {0228F490-FEDD-4E3A-B7DF-146CEA5ABD62}
	EndGlobalSection
EndGlobal
